
Microsoft Visual Studio Solution File, Format Version 10.00
# Visual Studio 2008
Project("{FAE04EC0-301F-11D3-BF4B-00C04F79EFBC}") = "pluginner", "pluginner.csproj", "{88785B26-D617-4BE9-B449-F7CE77444794}"
EndProject
Global
	GlobalSection(SolutionConfigurationPlatforms) = preSolution
		Debug|Any CPU = Debug|Any CPU
		Release|Any CPU = Release|Any CPU
	EndGlobalSection
	GlobalSection(ProjectConfigurationPlatforms) = postSolution
		{88785B26-D617-4BE9-B449-F7CE77444794}.Debug|Any CPU.ActiveCfg = Debug|Any CPU
		{88785B26-D617-4BE9-B449-F7CE77444794}.Debug|Any CPU.Build.0 = Debug|Any CPU
		{88785B26-D617-4BE9-B449-F7CE77444794}.Release|Any CPU.ActiveCfg = Release|Any CPU
		{88785B26-D617-4BE9-B449-F7CE77444794}.Release|Any CPU.Build.0 = Release|Any CPU
	EndGlobalSection
	GlobalSection(MonoDevelopProperties) = preSolution
		StartupItem = pluginner.csproj
	EndGlobalSection
EndGlobal
